
Microsoft Visual Studio Solution File, Format Version 12.00
# Visual Studio Version 17
VisualStudioVersion = 17.1.32228.430
MinimumVisualStudioVersion = 10.0.40219.1
Project("{9A19103F-16F7-4668-BE54-9A1E7A4F7556}") = "projetopoo", "projetopoo\projetopoo.csproj", "{35ACB6BB-ED4C-4E52-8413-616FDCC5FC02}"
EndProject
Project("{FAE04EC0-301F-11D3-BF4B-00C04F79EFBC}") = "WindowsApp", "WindowsApp\WindowsApp.csproj", "{BA865ED2-D933-4CDD-BB38-C8BEBA59A0F9}"
EndProject
Project("{FAE04EC0-301F-11D3-BF4B-00C04F79EFBC}") = "Domain", "Domain\Domain.csproj", "{D0EA44C1-917E-4613-A338-4A43749A6DD2}"
EndProject
Project("{FAE04EC0-301F-11D3-BF4B-00C04F79EFBC}") = "Persistence", "Persistence\Persistence.csproj", "{535143FA-421B-4FC6-808E-5A857DE5FC9A}"
EndProject
Global
	GlobalSection(SolutionConfigurationPlatforms) = preSolution
		Debug|Any CPU = Debug|Any CPU
		Release|Any CPU = Release|Any CPU
	EndGlobalSection
	GlobalSection(ProjectConfigurationPlatforms) = postSolution
		{35ACB6BB-ED4C-4E52-8413-616FDCC5FC02}.Debug|Any CPU.ActiveCfg = Debug|Any CPU
		{35ACB6BB-ED4C-4E52-8413-616FDCC5FC02}.Debug|Any CPU.Build.0 = Debug|Any CPU
		{35ACB6BB-ED4C-4E52-8413-616FDCC5FC02}.Release|Any CPU.ActiveCfg = Release|Any CPU
		{35ACB6BB-ED4C-4E52-8413-616FDCC5FC02}.Release|Any CPU.Build.0 = Release|Any CPU
		{BA865ED2-D933-4CDD-BB38-C8BEBA59A0F9}.Debug|Any CPU.ActiveCfg = Debug|Any CPU
		{BA865ED2-D933-4CDD-BB38-C8BEBA59A0F9}.Debug|Any CPU.Build.0 = Debug|Any CPU
		{BA865ED2-D933-4CDD-BB38-C8BEBA59A0F9}.Release|Any CPU.ActiveCfg = Release|Any CPU
		{BA865ED2-D933-4CDD-BB38-C8BEBA59A0F9}.Release|Any CPU.Build.0 = Release|Any CPU
		{D0EA44C1-917E-4613-A338-4A43749A6DD2}.Debug|Any CPU.ActiveCfg = Debug|Any CPU
		{D0EA44C1-917E-4613-A338-4A43749A6DD2}.Debug|Any CPU.Build.0 = Debug|Any CPU
		{D0EA44C1-917E-4613-A338-4A43749A6DD2}.Release|Any CPU.ActiveCfg = Release|Any CPU
		{D0EA44C1-917E-4613-A338-4A43749A6DD2}.Release|Any CPU.Build.0 = Release|Any CPU
		{535143FA-421B-4FC6-808E-5A857DE5FC9A}.Debug|Any CPU.ActiveCfg = Debug|Any CPU
		{535143FA-421B-4FC6-808E-5A857DE5FC9A}.Debug|Any CPU.Build.0 = Debug|Any CPU
		{535143FA-421B-4FC6-808E-5A857DE5FC9A}.Release|Any CPU.ActiveCfg = Release|Any CPU
		{535143FA-421B-4FC6-808E-5A857DE5FC9A}.Release|Any CPU.Build.0 = Release|Any CPU
	EndGlobalSection
	GlobalSection(SolutionProperties) = preSolution
		HideSolutionNode = FALSE
	EndGlobalSection
	GlobalSection(ExtensibilityGlobals) = postSolution
		SolutionGuid = {CD4C0888-9FE1-4AC1-A534-288C01B56551}
	EndGlobalSection
EndGlobal
